// !$*UTF8*$!
{
	archiveVersion = 1;
	classes = {
	};
	objectVersion = 56;
	objects = {

/* Begin PBXBuildFile section */
		213D01682B5F19B200DAA75A /* OnboardingPasswordResetScreenView.swift in Sources */ = {isa = PBXBuildFile; fileRef = 213D01672B5F19B200DAA75A /* OnboardingPasswordResetScreenView.swift */; };
		213D016A2B606A8600DAA75A /* OnboardingPasswordSentConfirmationScreen.swift in Sources */ = {isa = PBXBuildFile; fileRef = 213D01692B606A8600DAA75A /* OnboardingPasswordSentConfirmationScreen.swift */; };
		213D016D2B60746400DAA75A /* Lottie in Frameworks */ = {isa = PBXBuildFile; productRef = 213D016C2B60746400DAA75A /* Lottie */; };
		213D01702B60750300DAA75A /* check.json in Resources */ = {isa = PBXBuildFile; fileRef = 213D016F2B60750300DAA75A /* check.json */; };
		213D01732B61C3F200DAA75A /* RamenFormSection.swift in Sources */ = {isa = PBXBuildFile; fileRef = 213D01722B61C3F200DAA75A /* RamenFormSection.swift */; };
		213D01752B61C40300DAA75A /* RamenFormField.swift in Sources */ = {isa = PBXBuildFile; fileRef = 213D01742B61C40300DAA75A /* RamenFormField.swift */; };
		213D01772B63092A00DAA75A /* OnboardingEnterEmailView.swift in Sources */ = {isa = PBXBuildFile; fileRef = 213D01762B63092A00DAA75A /* OnboardingEnterEmailView.swift */; };
		213D01792B630DF200DAA75A /* OnboardingEnterPasswordView.swift in Sources */ = {isa = PBXBuildFile; fileRef = 213D01782B630DF200DAA75A /* OnboardingEnterPasswordView.swift */; };
		213D017B2B6311B200DAA75A /* loadingSpinner.json in Resources */ = {isa = PBXBuildFile; fileRef = 213D017A2B6311B200DAA75A /* loadingSpinner.json */; };
		213D017D2B6311D600DAA75A /* OnboardingGettingReadyView.swift in Sources */ = {isa = PBXBuildFile; fileRef = 213D017C2B6311D600DAA75A /* OnboardingGettingReadyView.swift */; };
		213D017F2B63149300DAA75A /* RamenFont.swift in Sources */ = {isa = PBXBuildFile; fileRef = 213D017E2B63149300DAA75A /* RamenFont.swift */; };
		213D01852B645A8100DAA75A /* TestUser.swift in Sources */ = {isa = PBXBuildFile; fileRef = 213D01842B645A8100DAA75A /* TestUser.swift */; };
		213D01882B645AEE00DAA75A /* AuthenticateModel.swift in Sources */ = {isa = PBXBuildFile; fileRef = 213D01872B645AEE00DAA75A /* AuthenticateModel.swift */; };
		213D018A2B645D0200DAA75A /* AuthenticateInteractor.swift in Sources */ = {isa = PBXBuildFile; fileRef = 213D01892B645D0200DAA75A /* AuthenticateInteractor.swift */; };
		213D018C2B645EF000DAA75A /* AuthenticatePresenter.swift in Sources */ = {isa = PBXBuildFile; fileRef = 213D018B2B645EF000DAA75A /* AuthenticatePresenter.swift */; };
		213D018E2B6461FF00DAA75A /* AuthenticateConfigurator.swift in Sources */ = {isa = PBXBuildFile; fileRef = 213D018D2B6461FF00DAA75A /* AuthenticateConfigurator.swift */; };
		21B4B0DA2B66C3C500FD5C6A /* AuthenticateRouter.swift in Sources */ = {isa = PBXBuildFile; fileRef = 21B4B0D92B66C3C500FD5C6A /* AuthenticateRouter.swift */; };
		21B4B0DC2B66D76D00FD5C6A /* OnboardingHostingViewController.swift in Sources */ = {isa = PBXBuildFile; fileRef = 21B4B0DB2B66D76D00FD5C6A /* OnboardingHostingViewController.swift */; };
		21DF45692B5B250400FE11F5 /* AppDelegate.swift in Sources */ = {isa = PBXBuildFile; fileRef = 21DF45682B5B250400FE11F5 /* AppDelegate.swift */; };
		21DF456B2B5B250400FE11F5 /* SceneDelegate.swift in Sources */ = {isa = PBXBuildFile; fileRef = 21DF456A2B5B250400FE11F5 /* SceneDelegate.swift */; };
		21DF45722B5B250600FE11F5 /* Assets.xcassets in Resources */ = {isa = PBXBuildFile; fileRef = 21DF45712B5B250600FE11F5 /* Assets.xcassets */; };
		21DF45752B5B250600FE11F5 /* LaunchScreen.storyboard in Resources */ = {isa = PBXBuildFile; fileRef = 21DF45732B5B250600FE11F5 /* LaunchScreen.storyboard */; };
		21DF45802B5B250700FE11F5 /* CocinaTests.swift in Sources */ = {isa = PBXBuildFile; fileRef = 21DF457F2B5B250700FE11F5 /* CocinaTests.swift */; };
		21DF458A2B5B250700FE11F5 /* CocinaUITests.swift in Sources */ = {isa = PBXBuildFile; fileRef = 21DF45892B5B250700FE11F5 /* CocinaUITests.swift */; };
		21DF458C2B5B250700FE11F5 /* CocinaUITestsLaunchTests.swift in Sources */ = {isa = PBXBuildFile; fileRef = 21DF458B2B5B250700FE11F5 /* CocinaUITestsLaunchTests.swift */; };
		21DF45A92B5B277200FE11F5 /* HomeViewController.swift in Sources */ = {isa = PBXBuildFile; fileRef = 21DF45A82B5B277200FE11F5 /* HomeViewController.swift */; };
		21DF45AB2B5B277D00FE11F5 /* ExploreViewController.swift in Sources */ = {isa = PBXBuildFile; fileRef = 21DF45AA2B5B277D00FE11F5 /* ExploreViewController.swift */; };
		21DF45AD2B5B278700FE11F5 /* SearchViewController.swift in Sources */ = {isa = PBXBuildFile; fileRef = 21DF45AC2B5B278700FE11F5 /* SearchViewController.swift */; };
		21DF45AF2B5B279400FE11F5 /* PlanViewController.swift in Sources */ = {isa = PBXBuildFile; fileRef = 21DF45AE2B5B279400FE11F5 /* PlanViewController.swift */; };
		21DF45B12B5B279F00FE11F5 /* GroceriesViewController.swift in Sources */ = {isa = PBXBuildFile; fileRef = 21DF45B02B5B279F00FE11F5 /* GroceriesViewController.swift */; };
		21DF45B32B5B27A600FE11F5 /* ChefViewController.swift in Sources */ = {isa = PBXBuildFile; fileRef = 21DF45B22B5B27A600FE11F5 /* ChefViewController.swift */; };
		21DF45B52B5B27AE00FE11F5 /* SettingsViewController.swift in Sources */ = {isa = PBXBuildFile; fileRef = 21DF45B42B5B27AE00FE11F5 /* SettingsViewController.swift */; };
		21DF45BA2B5C78E200FE11F5 /* OnboardingAccountSelectionView.swift in Sources */ = {isa = PBXBuildFile; fileRef = 21DF45B92B5C78E200FE11F5 /* OnboardingAccountSelectionView.swift */; };
		21DF45BC2B5DA71400FE11F5 /* RamenColors.swift in Sources */ = {isa = PBXBuildFile; fileRef = 21DF45BB2B5DA71400FE11F5 /* RamenColors.swift */; };
		21DF45BE2B5DAE1B00FE11F5 /* OnboardingLoginScreenView.swift in Sources */ = {isa = PBXBuildFile; fileRef = 21DF45BD2B5DAE1B00FE11F5 /* OnboardingLoginScreenView.swift */; };
		658FC9F12B6450C700FE6D9F /* EditProfileViewController.swift in Sources */ = {isa = PBXBuildFile; fileRef = 658FC9F02B6450C700FE6D9F /* EditProfileViewController.swift */; };
		658FC9F32B6458D000FE6D9F /* EditPasswordViewController.swift in Sources */ = {isa = PBXBuildFile; fileRef = 658FC9F22B6458D000FE6D9F /* EditPasswordViewController.swift */; };
		658FC9F52B64631500FE6D9F /* EditProfileTableViewCell.swift in Sources */ = {isa = PBXBuildFile; fileRef = 658FC9F42B64631500FE6D9F /* EditProfileTableViewCell.swift */; };
		658FC9F82B646AE900FE6D9F /* SnapKit in Frameworks */ = {isa = PBXBuildFile; productRef = 658FC9F72B646AE900FE6D9F /* SnapKit */; };
		659C9E822B5F224C008E292B /* ProfileMainHeader.swift in Sources */ = {isa = PBXBuildFile; fileRef = 659C9E812B5F224C008E292B /* ProfileMainHeader.swift */; };
		65FE94FA2B6B076000A093CE /* Extensions+UIViewController.swift in Sources */ = {isa = PBXBuildFile; fileRef = 65FE94F92B6B076000A093CE /* Extensions+UIViewController.swift */; };
		65FE94FD2B6D8B3E00A093CE /* EditProfileHeader.swift in Sources */ = {isa = PBXBuildFile; fileRef = 65FE94FC2B6D8B3E00A093CE /* EditProfileHeader.swift */; };
/* End PBXBuildFile section */

/* Begin PBXContainerItemProxy section */
		21DF457C2B5B250700FE11F5 /* PBXContainerItemProxy */ = {
			isa = PBXContainerItemProxy;
			containerPortal = 21DF455D2B5B250400FE11F5 /* Project object */;
			proxyType = 1;
			remoteGlobalIDString = 21DF45642B5B250400FE11F5;
			remoteInfo = Cocina;
		};
		21DF45862B5B250700FE11F5 /* PBXContainerItemProxy */ = {
			isa = PBXContainerItemProxy;
			containerPortal = 21DF455D2B5B250400FE11F5 /* Project object */;
			proxyType = 1;
			remoteGlobalIDString = 21DF45642B5B250400FE11F5;
			remoteInfo = Cocina;
		};
/* End PBXContainerItemProxy section */

/* Begin PBXFileReference section */
		213D01672B5F19B200DAA75A /* OnboardingPasswordResetScreenView.swift */ = {isa = PBXFileReference; lastKnownFileType = sourcecode.swift; path = OnboardingPasswordResetScreenView.swift; sourceTree = "<group>"; };
		213D01692B606A8600DAA75A /* OnboardingPasswordSentConfirmationScreen.swift */ = {isa = PBXFileReference; lastKnownFileType = sourcecode.swift; path = OnboardingPasswordSentConfirmationScreen.swift; sourceTree = "<group>"; };
		213D016F2B60750300DAA75A /* check.json */ = {isa = PBXFileReference; fileEncoding = 4; lastKnownFileType = text.json; path = check.json; sourceTree = "<group>"; };
		213D01722B61C3F200DAA75A /* RamenFormSection.swift */ = {isa = PBXFileReference; lastKnownFileType = sourcecode.swift; path = RamenFormSection.swift; sourceTree = "<group>"; };
		213D01742B61C40300DAA75A /* RamenFormField.swift */ = {isa = PBXFileReference; lastKnownFileType = sourcecode.swift; path = RamenFormField.swift; sourceTree = "<group>"; };
		213D01762B63092A00DAA75A /* OnboardingEnterEmailView.swift */ = {isa = PBXFileReference; lastKnownFileType = sourcecode.swift; path = OnboardingEnterEmailView.swift; sourceTree = "<group>"; };
		213D01782B630DF200DAA75A /* OnboardingEnterPasswordView.swift */ = {isa = PBXFileReference; lastKnownFileType = sourcecode.swift; path = OnboardingEnterPasswordView.swift; sourceTree = "<group>"; };
		213D017A2B6311B200DAA75A /* loadingSpinner.json */ = {isa = PBXFileReference; fileEncoding = 4; lastKnownFileType = text.json; path = loadingSpinner.json; sourceTree = "<group>"; };
		213D017C2B6311D600DAA75A /* OnboardingGettingReadyView.swift */ = {isa = PBXFileReference; lastKnownFileType = sourcecode.swift; path = OnboardingGettingReadyView.swift; sourceTree = "<group>"; };
		213D017E2B63149300DAA75A /* RamenFont.swift */ = {isa = PBXFileReference; lastKnownFileType = sourcecode.swift; path = RamenFont.swift; sourceTree = "<group>"; };
		213D01842B645A8100DAA75A /* TestUser.swift */ = {isa = PBXFileReference; lastKnownFileType = sourcecode.swift; path = TestUser.swift; sourceTree = "<group>"; };
		213D01872B645AEE00DAA75A /* AuthenticateModel.swift */ = {isa = PBXFileReference; lastKnownFileType = sourcecode.swift; path = AuthenticateModel.swift; sourceTree = "<group>"; };
		213D01892B645D0200DAA75A /* AuthenticateInteractor.swift */ = {isa = PBXFileReference; lastKnownFileType = sourcecode.swift; path = AuthenticateInteractor.swift; sourceTree = "<group>"; };
		213D018B2B645EF000DAA75A /* AuthenticatePresenter.swift */ = {isa = PBXFileReference; lastKnownFileType = sourcecode.swift; path = AuthenticatePresenter.swift; sourceTree = "<group>"; };
		213D018D2B6461FF00DAA75A /* AuthenticateConfigurator.swift */ = {isa = PBXFileReference; lastKnownFileType = sourcecode.swift; path = AuthenticateConfigurator.swift; sourceTree = "<group>"; };
		21B4B0D92B66C3C500FD5C6A /* AuthenticateRouter.swift */ = {isa = PBXFileReference; lastKnownFileType = sourcecode.swift; path = AuthenticateRouter.swift; sourceTree = "<group>"; };
		21B4B0DB2B66D76D00FD5C6A /* OnboardingHostingViewController.swift */ = {isa = PBXFileReference; lastKnownFileType = sourcecode.swift; path = OnboardingHostingViewController.swift; sourceTree = "<group>"; };
		21DF45652B5B250400FE11F5 /* Cocina.app */ = {isa = PBXFileReference; explicitFileType = wrapper.application; includeInIndex = 0; path = Cocina.app; sourceTree = BUILT_PRODUCTS_DIR; };
		21DF45682B5B250400FE11F5 /* AppDelegate.swift */ = {isa = PBXFileReference; lastKnownFileType = sourcecode.swift; path = AppDelegate.swift; sourceTree = "<group>"; };
		21DF456A2B5B250400FE11F5 /* SceneDelegate.swift */ = {isa = PBXFileReference; lastKnownFileType = sourcecode.swift; path = SceneDelegate.swift; sourceTree = "<group>"; };
		21DF45712B5B250600FE11F5 /* Assets.xcassets */ = {isa = PBXFileReference; lastKnownFileType = folder.assetcatalog; path = Assets.xcassets; sourceTree = "<group>"; };
		21DF45742B5B250600FE11F5 /* Base */ = {isa = PBXFileReference; lastKnownFileType = file.storyboard; name = Base; path = Base.lproj/LaunchScreen.storyboard; sourceTree = "<group>"; };
		21DF45762B5B250600FE11F5 /* Info.plist */ = {isa = PBXFileReference; lastKnownFileType = text.plist.xml; path = Info.plist; sourceTree = "<group>"; };
		21DF457B2B5B250700FE11F5 /* CocinaTests.xctest */ = {isa = PBXFileReference; explicitFileType = wrapper.cfbundle; includeInIndex = 0; path = CocinaTests.xctest; sourceTree = BUILT_PRODUCTS_DIR; };
		21DF457F2B5B250700FE11F5 /* CocinaTests.swift */ = {isa = PBXFileReference; lastKnownFileType = sourcecode.swift; path = CocinaTests.swift; sourceTree = "<group>"; };
		21DF45852B5B250700FE11F5 /* CocinaUITests.xctest */ = {isa = PBXFileReference; explicitFileType = wrapper.cfbundle; includeInIndex = 0; path = CocinaUITests.xctest; sourceTree = BUILT_PRODUCTS_DIR; };
		21DF45892B5B250700FE11F5 /* CocinaUITests.swift */ = {isa = PBXFileReference; lastKnownFileType = sourcecode.swift; path = CocinaUITests.swift; sourceTree = "<group>"; };
		21DF458B2B5B250700FE11F5 /* CocinaUITestsLaunchTests.swift */ = {isa = PBXFileReference; lastKnownFileType = sourcecode.swift; path = CocinaUITestsLaunchTests.swift; sourceTree = "<group>"; };
		21DF45A82B5B277200FE11F5 /* HomeViewController.swift */ = {isa = PBXFileReference; lastKnownFileType = sourcecode.swift; path = HomeViewController.swift; sourceTree = "<group>"; };
		21DF45AA2B5B277D00FE11F5 /* ExploreViewController.swift */ = {isa = PBXFileReference; lastKnownFileType = sourcecode.swift; path = ExploreViewController.swift; sourceTree = "<group>"; };
		21DF45AC2B5B278700FE11F5 /* SearchViewController.swift */ = {isa = PBXFileReference; lastKnownFileType = sourcecode.swift; path = SearchViewController.swift; sourceTree = "<group>"; };
		21DF45AE2B5B279400FE11F5 /* PlanViewController.swift */ = {isa = PBXFileReference; lastKnownFileType = sourcecode.swift; path = PlanViewController.swift; sourceTree = "<group>"; };
		21DF45B02B5B279F00FE11F5 /* GroceriesViewController.swift */ = {isa = PBXFileReference; lastKnownFileType = sourcecode.swift; path = GroceriesViewController.swift; sourceTree = "<group>"; };
		21DF45B22B5B27A600FE11F5 /* ChefViewController.swift */ = {isa = PBXFileReference; lastKnownFileType = sourcecode.swift; path = ChefViewController.swift; sourceTree = "<group>"; };
		21DF45B42B5B27AE00FE11F5 /* SettingsViewController.swift */ = {isa = PBXFileReference; lastKnownFileType = sourcecode.swift; path = SettingsViewController.swift; sourceTree = "<group>"; };
		21DF45B92B5C78E200FE11F5 /* OnboardingAccountSelectionView.swift */ = {isa = PBXFileReference; lastKnownFileType = sourcecode.swift; path = OnboardingAccountSelectionView.swift; sourceTree = "<group>"; };
		21DF45BB2B5DA71400FE11F5 /* RamenColors.swift */ = {isa = PBXFileReference; lastKnownFileType = sourcecode.swift; path = RamenColors.swift; sourceTree = "<group>"; };
		21DF45BD2B5DAE1B00FE11F5 /* OnboardingLoginScreenView.swift */ = {isa = PBXFileReference; lastKnownFileType = sourcecode.swift; path = OnboardingLoginScreenView.swift; sourceTree = "<group>"; };
		658FC9F02B6450C700FE6D9F /* EditProfileViewController.swift */ = {isa = PBXFileReference; lastKnownFileType = sourcecode.swift; path = EditProfileViewController.swift; sourceTree = "<group>"; };
		658FC9F22B6458D000FE6D9F /* EditPasswordViewController.swift */ = {isa = PBXFileReference; lastKnownFileType = sourcecode.swift; path = EditPasswordViewController.swift; sourceTree = "<group>"; };
		658FC9F42B64631500FE6D9F /* EditProfileTableViewCell.swift */ = {isa = PBXFileReference; lastKnownFileType = sourcecode.swift; path = EditProfileTableViewCell.swift; sourceTree = "<group>"; };
		659C9E812B5F224C008E292B /* ProfileMainHeader.swift */ = {isa = PBXFileReference; lastKnownFileType = sourcecode.swift; path = ProfileMainHeader.swift; sourceTree = "<group>"; };
		65FE94F92B6B076000A093CE /* Extensions+UIViewController.swift */ = {isa = PBXFileReference; lastKnownFileType = sourcecode.swift; name = "Extensions+UIViewController.swift"; path = "Cocina/Settings/Extensions+UIViewController.swift"; sourceTree = SOURCE_ROOT; };
		65FE94FC2B6D8B3E00A093CE /* EditProfileHeader.swift */ = {isa = PBXFileReference; lastKnownFileType = sourcecode.swift; path = EditProfileHeader.swift; sourceTree = "<group>"; };
/* End PBXFileReference section */

/* Begin PBXFrameworksBuildPhase section */
		21DF45622B5B250400FE11F5 /* Frameworks */ = {
			isa = PBXFrameworksBuildPhase;
			buildActionMask = 2147483647;
			files = (
				658FC9F82B646AE900FE6D9F /* SnapKit in Frameworks */,
				213D016D2B60746400DAA75A /* Lottie in Frameworks */,
			);
			runOnlyForDeploymentPostprocessing = 0;
		};
		21DF45782B5B250700FE11F5 /* Frameworks */ = {
			isa = PBXFrameworksBuildPhase;
			buildActionMask = 2147483647;
			files = (
			);
			runOnlyForDeploymentPostprocessing = 0;
		};
		21DF45822B5B250700FE11F5 /* Frameworks */ = {
			isa = PBXFrameworksBuildPhase;
			buildActionMask = 2147483647;
			files = (
			);
			runOnlyForDeploymentPostprocessing = 0;
		};
/* End PBXFrameworksBuildPhase section */

/* Begin PBXGroup section */
		213D016E2B6074EF00DAA75A /* Lottie Animations */ = {
			isa = PBXGroup;
			children = (
				213D017A2B6311B200DAA75A /* loadingSpinner.json */,
				213D016F2B60750300DAA75A /* check.json */,
			);
			path = "Lottie Animations";
			sourceTree = "<group>";
		};
		213D01712B61C3D700DAA75A /* Forms */ = {
			isa = PBXGroup;
			children = (
				213D01722B61C3F200DAA75A /* RamenFormSection.swift */,
				213D01742B61C40300DAA75A /* RamenFormField.swift */,
			);
			path = Forms;
			sourceTree = "<group>";
		};
		213D01802B64590200DAA75A /* Scenes */ = {
			isa = PBXGroup;
			children = (
				213D01822B64596000DAA75A /* Authenticate */,
				213D01812B64595300DAA75A /* CreateAccount */,
			);
			path = Scenes;
			sourceTree = "<group>";
		};
		213D01812B64595300DAA75A /* CreateAccount */ = {
			isa = PBXGroup;
			children = (
				213D01762B63092A00DAA75A /* OnboardingEnterEmailView.swift */,
				213D01782B630DF200DAA75A /* OnboardingEnterPasswordView.swift */,
				213D017C2B6311D600DAA75A /* OnboardingGettingReadyView.swift */,
			);
			path = CreateAccount;
			sourceTree = "<group>";
		};
		213D01822B64596000DAA75A /* Authenticate */ = {
			isa = PBXGroup;
			children = (
				213D018D2B6461FF00DAA75A /* AuthenticateConfigurator.swift */,
				213D01872B645AEE00DAA75A /* AuthenticateModel.swift */,
				213D01892B645D0200DAA75A /* AuthenticateInteractor.swift */,
				213D018B2B645EF000DAA75A /* AuthenticatePresenter.swift */,
				21B4B0D92B66C3C500FD5C6A /* AuthenticateRouter.swift */,
				213D01862B645AD400DAA75A /* Views */,
			);
			path = Authenticate;
			sourceTree = "<group>";
		};
		213D01832B645A7500DAA75A /* Model */ = {
			isa = PBXGroup;
			children = (
				213D01842B645A8100DAA75A /* TestUser.swift */,
			);
			path = Model;
			sourceTree = "<group>";
		};
		213D01862B645AD400DAA75A /* Views */ = {
			isa = PBXGroup;
			children = (
				21B4B0DB2B66D76D00FD5C6A /* OnboardingHostingViewController.swift */,
				21DF45B92B5C78E200FE11F5 /* OnboardingAccountSelectionView.swift */,
				21DF45BD2B5DAE1B00FE11F5 /* OnboardingLoginScreenView.swift */,
				213D01672B5F19B200DAA75A /* OnboardingPasswordResetScreenView.swift */,
				213D01692B606A8600DAA75A /* OnboardingPasswordSentConfirmationScreen.swift */,
			);
			path = Views;
			sourceTree = "<group>";
		};
		21DF455C2B5B250400FE11F5 = {
			isa = PBXGroup;
			children = (
				21DF45672B5B250400FE11F5 /* Cocina */,
				21DF457E2B5B250700FE11F5 /* CocinaTests */,
				21DF45882B5B250700FE11F5 /* CocinaUITests */,
				21DF45662B5B250400FE11F5 /* Products */,
			);
			sourceTree = "<group>";
		};
		21DF45662B5B250400FE11F5 /* Products */ = {
			isa = PBXGroup;
			children = (
				21DF45652B5B250400FE11F5 /* Cocina.app */,
				21DF457B2B5B250700FE11F5 /* CocinaTests.xctest */,
				21DF45852B5B250700FE11F5 /* CocinaUITests.xctest */,
			);
			name = Products;
			sourceTree = "<group>";
		};
		21DF45672B5B250400FE11F5 /* Cocina */ = {
			isa = PBXGroup;
			children = (
				21DF45992B5B258900FE11F5 /* Onboarding */,
				21DF459A2B5B25C600FE11F5 /* Home */,
				21DF459B2B5B266200FE11F5 /* Explore */,
				21DF459C2B5B266F00FE11F5 /* Search */,
				21DF459D2B5B268600FE11F5 /* Plan */,
				21DF459E2B5B268A00FE11F5 /* Groceries */,
				21DF459F2B5B26A500FE11F5 /* Chef */,
				21DF45A02B5B26AF00FE11F5 /* Settings */,
				21DF45982B5B257100FE11F5 /* Ramen Design System */,
				21DF45A42B5B26E700FE11F5 /* Extensions */,
				21DF45B82B5B280D00FE11F5 /* Widgets */,
				21DF45B72B5B280000FE11F5 /* Notifications */,
				21DF45B62B5B27F600FE11F5 /* LiveActivities */,
				21DF45682B5B250400FE11F5 /* AppDelegate.swift */,
				21DF456A2B5B250400FE11F5 /* SceneDelegate.swift */,
				21DF45712B5B250600FE11F5 /* Assets.xcassets */,
				21DF45732B5B250600FE11F5 /* LaunchScreen.storyboard */,
				21DF45762B5B250600FE11F5 /* Info.plist */,
			);
			path = Cocina;
			sourceTree = "<group>";
		};
		21DF457E2B5B250700FE11F5 /* CocinaTests */ = {
			isa = PBXGroup;
			children = (
				21DF457F2B5B250700FE11F5 /* CocinaTests.swift */,
			);
			path = CocinaTests;
			sourceTree = "<group>";
		};
		21DF45882B5B250700FE11F5 /* CocinaUITests */ = {
			isa = PBXGroup;
			children = (
				21DF45892B5B250700FE11F5 /* CocinaUITests.swift */,
				21DF458B2B5B250700FE11F5 /* CocinaUITestsLaunchTests.swift */,
			);
			path = CocinaUITests;
			sourceTree = "<group>";
		};
		21DF45982B5B257100FE11F5 /* Ramen Design System */ = {
			isa = PBXGroup;
			children = (
				213D016E2B6074EF00DAA75A /* Lottie Animations */,
				21DF45A12B5B26D700FE11F5 /* Colors */,
				21DF45A22B5B26DC00FE11F5 /* Fonts */,
				21DF45A52B5B272F00FE11F5 /* Icons */,
				21DF45A32B5B26E000FE11F5 /* Components */,
			);
			path = "Ramen Design System";
			sourceTree = "<group>";
		};
		21DF45992B5B258900FE11F5 /* Onboarding */ = {
			isa = PBXGroup;
			children = (
				213D01832B645A7500DAA75A /* Model */,
				213D01802B64590200DAA75A /* Scenes */,
			);
			path = Onboarding;
			sourceTree = "<group>";
		};
		21DF459A2B5B25C600FE11F5 /* Home */ = {
			isa = PBXGroup;
			children = (
				21DF45A82B5B277200FE11F5 /* HomeViewController.swift */,
			);
			path = Home;
			sourceTree = "<group>";
		};
		21DF459B2B5B266200FE11F5 /* Explore */ = {
			isa = PBXGroup;
			children = (
				21DF45AA2B5B277D00FE11F5 /* ExploreViewController.swift */,
			);
			path = Explore;
			sourceTree = "<group>";
		};
		21DF459C2B5B266F00FE11F5 /* Search */ = {
			isa = PBXGroup;
			children = (
				21DF45AC2B5B278700FE11F5 /* SearchViewController.swift */,
			);
			path = Search;
			sourceTree = "<group>";
		};
		21DF459D2B5B268600FE11F5 /* Plan */ = {
			isa = PBXGroup;
			children = (
				21DF45AE2B5B279400FE11F5 /* PlanViewController.swift */,
			);
			path = Plan;
			sourceTree = "<group>";
		};
		21DF459E2B5B268A00FE11F5 /* Groceries */ = {
			isa = PBXGroup;
			children = (
				21DF45B02B5B279F00FE11F5 /* GroceriesViewController.swift */,
			);
			path = Groceries;
			sourceTree = "<group>";
		};
		21DF459F2B5B26A500FE11F5 /* Chef */ = {
			isa = PBXGroup;
			children = (
				21DF45B22B5B27A600FE11F5 /* ChefViewController.swift */,
			);
			path = Chef;
			sourceTree = "<group>";
		};
		21DF45A02B5B26AF00FE11F5 /* Settings */ = {
			isa = PBXGroup;
			children = (
				65FE94FB2B6D8AF800A093CE /* Cells */,
				21DF45B42B5B27AE00FE11F5 /* SettingsViewController.swift */,
				658FC9F02B6450C700FE6D9F /* EditProfileViewController.swift */,
				658FC9F22B6458D000FE6D9F /* EditPasswordViewController.swift */,
			);
			path = Settings;
			sourceTree = "<group>";
		};
		21DF45A12B5B26D700FE11F5 /* Colors */ = {
			isa = PBXGroup;
			children = (
				21DF45BB2B5DA71400FE11F5 /* RamenColors.swift */,
			);
			path = Colors;
			sourceTree = "<group>";
		};
		21DF45A22B5B26DC00FE11F5 /* Fonts */ = {
			isa = PBXGroup;
			children = (
				213D017E2B63149300DAA75A /* RamenFont.swift */,
			);
			path = Fonts;
			sourceTree = "<group>";
		};
		21DF45A32B5B26E000FE11F5 /* Components */ = {
			isa = PBXGroup;
			children = (
				213D01712B61C3D700DAA75A /* Forms */,
			);
			path = Components;
			sourceTree = "<group>";
		};
		21DF45A42B5B26E700FE11F5 /* Extensions */ = {
			isa = PBXGroup;
			children = (
				65FE94F92B6B076000A093CE /* Extensions+UIViewController.swift */,
			);
			path = Extensions;
			sourceTree = "<group>";
		};
		21DF45A52B5B272F00FE11F5 /* Icons */ = {
			isa = PBXGroup;
			children = (
			);
			path = Icons;
			sourceTree = "<group>";
		};
		21DF45B62B5B27F600FE11F5 /* LiveActivities */ = {
			isa = PBXGroup;
			children = (
			);
			path = LiveActivities;
			sourceTree = "<group>";
		};
		21DF45B72B5B280000FE11F5 /* Notifications */ = {
			isa = PBXGroup;
			children = (
			);
			path = Notifications;
			sourceTree = "<group>";
		};
		21DF45B82B5B280D00FE11F5 /* Widgets */ = {
			isa = PBXGroup;
			children = (
			);
			path = Widgets;
			sourceTree = "<group>";
		};
		65FE94FB2B6D8AF800A093CE /* Cells */ = {
			isa = PBXGroup;
			children = (
				659C9E812B5F224C008E292B /* ProfileMainHeader.swift */,
				65FE94FC2B6D8B3E00A093CE /* EditProfileHeader.swift */,
				658FC9F42B64631500FE6D9F /* EditProfileTableViewCell.swift */,
			);
			path = Cells;
			sourceTree = "<group>";
		};
/* End PBXGroup section */

/* Begin PBXNativeTarget section */
		21DF45642B5B250400FE11F5 /* Cocina */ = {
			isa = PBXNativeTarget;
			buildConfigurationList = 21DF458F2B5B250700FE11F5 /* Build configuration list for PBXNativeTarget "Cocina" */;
			buildPhases = (
				21DF45612B5B250400FE11F5 /* Sources */,
				21DF45622B5B250400FE11F5 /* Frameworks */,
				21DF45632B5B250400FE11F5 /* Resources */,
			);
			buildRules = (
			);
			dependencies = (
			);
			name = Cocina;
			packageProductDependencies = (
				658FC9F72B646AE900FE6D9F /* SnapKit */,
				213D016C2B60746400DAA75A /* Lottie */,
			);
			productName = Cocina;
			productReference = 21DF45652B5B250400FE11F5 /* Cocina.app */;
			productType = "com.apple.product-type.application";
		};
		21DF457A2B5B250700FE11F5 /* CocinaTests */ = {
			isa = PBXNativeTarget;
			buildConfigurationList = 21DF45922B5B250700FE11F5 /* Build configuration list for PBXNativeTarget "CocinaTests" */;
			buildPhases = (
				21DF45772B5B250700FE11F5 /* Sources */,
				21DF45782B5B250700FE11F5 /* Frameworks */,
				21DF45792B5B250700FE11F5 /* Resources */,
			);
			buildRules = (
			);
			dependencies = (
				21DF457D2B5B250700FE11F5 /* PBXTargetDependency */,
			);
			name = CocinaTests;
			productName = CocinaTests;
			productReference = 21DF457B2B5B250700FE11F5 /* CocinaTests.xctest */;
			productType = "com.apple.product-type.bundle.unit-test";
		};
		21DF45842B5B250700FE11F5 /* CocinaUITests */ = {
			isa = PBXNativeTarget;
			buildConfigurationList = 21DF45952B5B250700FE11F5 /* Build configuration list for PBXNativeTarget "CocinaUITests" */;
			buildPhases = (
				21DF45812B5B250700FE11F5 /* Sources */,
				21DF45822B5B250700FE11F5 /* Frameworks */,
				21DF45832B5B250700FE11F5 /* Resources */,
			);
			buildRules = (
			);
			dependencies = (
				21DF45872B5B250700FE11F5 /* PBXTargetDependency */,
			);
			name = CocinaUITests;
			productName = CocinaUITests;
			productReference = 21DF45852B5B250700FE11F5 /* CocinaUITests.xctest */;
			productType = "com.apple.product-type.bundle.ui-testing";
		};
/* End PBXNativeTarget section */

/* Begin PBXProject section */
		21DF455D2B5B250400FE11F5 /* Project object */ = {
			isa = PBXProject;
			attributes = {
				BuildIndependentTargetsInParallel = 1;
				LastSwiftUpdateCheck = 1500;
				LastUpgradeCheck = 1500;
				TargetAttributes = {
					21DF45642B5B250400FE11F5 = {
						CreatedOnToolsVersion = 15.0.1;
					};
					21DF457A2B5B250700FE11F5 = {
						CreatedOnToolsVersion = 15.0.1;
						TestTargetID = 21DF45642B5B250400FE11F5;
					};
					21DF45842B5B250700FE11F5 = {
						CreatedOnToolsVersion = 15.0.1;
						TestTargetID = 21DF45642B5B250400FE11F5;
					};
				};
			};
			buildConfigurationList = 21DF45602B5B250400FE11F5 /* Build configuration list for PBXProject "Cocina" */;
			compatibilityVersion = "Xcode 14.0";
			developmentRegion = en;
			hasScannedForEncodings = 0;
			knownRegions = (
				en,
				Base,
			);
			mainGroup = 21DF455C2B5B250400FE11F5;
			packageReferences = (
				658FC9F62B646AE900FE6D9F /* XCRemoteSwiftPackageReference "SnapKit" */,
				213D016B2B60746400DAA75A /* XCRemoteSwiftPackageReference "lottie-spm" */,
			);
			productRefGroup = 21DF45662B5B250400FE11F5 /* Products */;
			projectDirPath = "";
			projectRoot = "";
			targets = (
				21DF45642B5B250400FE11F5 /* Cocina */,
				21DF457A2B5B250700FE11F5 /* CocinaTests */,
				21DF45842B5B250700FE11F5 /* CocinaUITests */,
			);
		};
/* End PBXProject section */

/* Begin PBXResourcesBuildPhase section */
		21DF45632B5B250400FE11F5 /* Resources */ = {
			isa = PBXResourcesBuildPhase;
			buildActionMask = 2147483647;
			files = (
				21DF45752B5B250600FE11F5 /* LaunchScreen.storyboard in Resources */,
				213D01702B60750300DAA75A /* check.json in Resources */,
				21DF45722B5B250600FE11F5 /* Assets.xcassets in Resources */,
				213D017B2B6311B200DAA75A /* loadingSpinner.json in Resources */,
			);
			runOnlyForDeploymentPostprocessing = 0;
		};
		21DF45792B5B250700FE11F5 /* Resources */ = {
			isa = PBXResourcesBuildPhase;
			buildActionMask = 2147483647;
			files = (
			);
			runOnlyForDeploymentPostprocessing = 0;
		};
		21DF45832B5B250700FE11F5 /* Resources */ = {
			isa = PBXResourcesBuildPhase;
			buildActionMask = 2147483647;
			files = (
			);
			runOnlyForDeploymentPostprocessing = 0;
		};
/* End PBXResourcesBuildPhase section */

/* Begin PBXSourcesBuildPhase section */
		21DF45612B5B250400FE11F5 /* Sources */ = {
			isa = PBXSourcesBuildPhase;
			buildActionMask = 2147483647;
			files = (
				658FC9F12B6450C700FE6D9F /* EditProfileViewController.swift in Sources */,
				658FC9F52B64631500FE6D9F /* EditProfileTableViewCell.swift in Sources */,
				213D01752B61C40300DAA75A /* RamenFormField.swift in Sources */,
				21DF45A92B5B277200FE11F5 /* HomeViewController.swift in Sources */,
				659C9E822B5F224C008E292B /* ProfileMainHeader.swift in Sources */,
				213D01682B5F19B200DAA75A /* OnboardingPasswordResetScreenView.swift in Sources */,
				213D016A2B606A8600DAA75A /* OnboardingPasswordSentConfirmationScreen.swift in Sources */,
				213D01852B645A8100DAA75A /* TestUser.swift in Sources */,
				21DF45AD2B5B278700FE11F5 /* SearchViewController.swift in Sources */,
				213D017D2B6311D600DAA75A /* OnboardingGettingReadyView.swift in Sources */,
				21DF45BE2B5DAE1B00FE11F5 /* OnboardingLoginScreenView.swift in Sources */,
				21DF45B52B5B27AE00FE11F5 /* SettingsViewController.swift in Sources */,
				213D017F2B63149300DAA75A /* RamenFont.swift in Sources */,
				213D018C2B645EF000DAA75A /* AuthenticatePresenter.swift in Sources */,
				213D01772B63092A00DAA75A /* OnboardingEnterEmailView.swift in Sources */,
				213D01792B630DF200DAA75A /* OnboardingEnterPasswordView.swift in Sources */,
				213D018E2B6461FF00DAA75A /* AuthenticateConfigurator.swift in Sources */,
				21DF45B12B5B279F00FE11F5 /* GroceriesViewController.swift in Sources */,
				21B4B0DA2B66C3C500FD5C6A /* AuthenticateRouter.swift in Sources */,
				21DF45AB2B5B277D00FE11F5 /* ExploreViewController.swift in Sources */,
				21DF45692B5B250400FE11F5 /* AppDelegate.swift in Sources */,
				21DF45BC2B5DA71400FE11F5 /* RamenColors.swift in Sources */,
				213D01732B61C3F200DAA75A /* RamenFormSection.swift in Sources */,
				21B4B0DC2B66D76D00FD5C6A /* OnboardingHostingViewController.swift in Sources */,
				213D01882B645AEE00DAA75A /* AuthenticateModel.swift in Sources */,
				21DF45B32B5B27A600FE11F5 /* ChefViewController.swift in Sources */,
				658FC9F32B6458D000FE6D9F /* EditPasswordViewController.swift in Sources */,
				21DF45BA2B5C78E200FE11F5 /* OnboardingAccountSelectionView.swift in Sources */,
				65FE94FA2B6B076000A093CE /* Extensions+UIViewController.swift in Sources */,
				65FE94FD2B6D8B3E00A093CE /* EditProfileHeader.swift in Sources */,
				21DF45AF2B5B279400FE11F5 /* PlanViewController.swift in Sources */,
				21DF456B2B5B250400FE11F5 /* SceneDelegate.swift in Sources */,
				213D018A2B645D0200DAA75A /* AuthenticateInteractor.swift in Sources */,
			);
			runOnlyForDeploymentPostprocessing = 0;
		};
		21DF45772B5B250700FE11F5 /* Sources */ = {
			isa = PBXSourcesBuildPhase;
			buildActionMask = 2147483647;
			files = (
				21DF45802B5B250700FE11F5 /* CocinaTests.swift in Sources */,
			);
			runOnlyForDeploymentPostprocessing = 0;
		};
		21DF45812B5B250700FE11F5 /* Sources */ = {
			isa = PBXSourcesBuildPhase;
			buildActionMask = 2147483647;
			files = (
				21DF458A2B5B250700FE11F5 /* CocinaUITests.swift in Sources */,
				21DF458C2B5B250700FE11F5 /* CocinaUITestsLaunchTests.swift in Sources */,
			);
			runOnlyForDeploymentPostprocessing = 0;
		};
/* End PBXSourcesBuildPhase section */

/* Begin PBXTargetDependency section */
		21DF457D2B5B250700FE11F5 /* PBXTargetDependency */ = {
			isa = PBXTargetDependency;
			target = 21DF45642B5B250400FE11F5 /* Cocina */;
			targetProxy = 21DF457C2B5B250700FE11F5 /* PBXContainerItemProxy */;
		};
		21DF45872B5B250700FE11F5 /* PBXTargetDependency */ = {
			isa = PBXTargetDependency;
			target = 21DF45642B5B250400FE11F5 /* Cocina */;
			targetProxy = 21DF45862B5B250700FE11F5 /* PBXContainerItemProxy */;
		};
/* End PBXTargetDependency section */

/* Begin PBXVariantGroup section */
		21DF45732B5B250600FE11F5 /* LaunchScreen.storyboard */ = {
			isa = PBXVariantGroup;
			children = (
				21DF45742B5B250600FE11F5 /* Base */,
			);
			name = LaunchScreen.storyboard;
			sourceTree = "<group>";
		};
/* End PBXVariantGroup section */

/* Begin XCBuildConfiguration section */
		21DF458D2B5B250700FE11F5 /* Debug */ = {
			isa = XCBuildConfiguration;
			buildSettings = {
				ALWAYS_SEARCH_USER_PATHS = NO;
				ASSETCATALOG_COMPILER_GENERATE_SWIFT_ASSET_SYMBOL_EXTENSIONS = YES;
				CLANG_ANALYZER_NONNULL = YES;
				CLANG_ANALYZER_NUMBER_OBJECT_CONVERSION = YES_AGGRESSIVE;
				CLANG_CXX_LANGUAGE_STANDARD = "gnu++20";
				CLANG_ENABLE_MODULES = YES;
				CLANG_ENABLE_OBJC_ARC = YES;
				CLANG_ENABLE_OBJC_WEAK = YES;
				CLANG_WARN_BLOCK_CAPTURE_AUTORELEASING = YES;
				CLANG_WARN_BOOL_CONVERSION = YES;
				CLANG_WARN_COMMA = YES;
				CLANG_WARN_CONSTANT_CONVERSION = YES;
				CLANG_WARN_DEPRECATED_OBJC_IMPLEMENTATIONS = YES;
				CLANG_WARN_DIRECT_OBJC_ISA_USAGE = YES_ERROR;
				CLANG_WARN_DOCUMENTATION_COMMENTS = YES;
				CLANG_WARN_EMPTY_BODY = YES;
				CLANG_WARN_ENUM_CONVERSION = YES;
				CLANG_WARN_INFINITE_RECURSION = YES;
				CLANG_WARN_INT_CONVERSION = YES;
				CLANG_WARN_NON_LITERAL_NULL_CONVERSION = YES;
				CLANG_WARN_OBJC_IMPLICIT_RETAIN_SELF = YES;
				CLANG_WARN_OBJC_LITERAL_CONVERSION = YES;
				CLANG_WARN_OBJC_ROOT_CLASS = YES_ERROR;
				CLANG_WARN_QUOTED_INCLUDE_IN_FRAMEWORK_HEADER = YES;
				CLANG_WARN_RANGE_LOOP_ANALYSIS = YES;
				CLANG_WARN_STRICT_PROTOTYPES = YES;
				CLANG_WARN_SUSPICIOUS_MOVE = YES;
				CLANG_WARN_UNGUARDED_AVAILABILITY = YES_AGGRESSIVE;
				CLANG_WARN_UNREACHABLE_CODE = YES;
				CLANG_WARN__DUPLICATE_METHOD_MATCH = YES;
				COPY_PHASE_STRIP = NO;
				DEBUG_INFORMATION_FORMAT = dwarf;
				ENABLE_STRICT_OBJC_MSGSEND = YES;
				ENABLE_TESTABILITY = YES;
				ENABLE_USER_SCRIPT_SANDBOXING = YES;
				GCC_C_LANGUAGE_STANDARD = gnu17;
				GCC_DYNAMIC_NO_PIC = NO;
				GCC_NO_COMMON_BLOCKS = YES;
				GCC_OPTIMIZATION_LEVEL = 0;
				GCC_PREPROCESSOR_DEFINITIONS = (
					"DEBUG=1",
					"$(inherited)",
				);
				GCC_WARN_64_TO_32_BIT_CONVERSION = YES;
				GCC_WARN_ABOUT_RETURN_TYPE = YES_ERROR;
				GCC_WARN_UNDECLARED_SELECTOR = YES;
				GCC_WARN_UNINITIALIZED_AUTOS = YES_AGGRESSIVE;
				GCC_WARN_UNUSED_FUNCTION = YES;
				GCC_WARN_UNUSED_VARIABLE = YES;
				IPHONEOS_DEPLOYMENT_TARGET = 17.0;
				LOCALIZATION_PREFERS_STRING_CATALOGS = YES;
				MTL_ENABLE_DEBUG_INFO = INCLUDE_SOURCE;
				MTL_FAST_MATH = YES;
				ONLY_ACTIVE_ARCH = YES;
				SDKROOT = iphoneos;
				SWIFT_ACTIVE_COMPILATION_CONDITIONS = "DEBUG $(inherited)";
				SWIFT_OPTIMIZATION_LEVEL = "-Onone";
			};
			name = Debug;
		};
		21DF458E2B5B250700FE11F5 /* Release */ = {
			isa = XCBuildConfiguration;
			buildSettings = {
				ALWAYS_SEARCH_USER_PATHS = NO;
				ASSETCATALOG_COMPILER_GENERATE_SWIFT_ASSET_SYMBOL_EXTENSIONS = YES;
				CLANG_ANALYZER_NONNULL = YES;
				CLANG_ANALYZER_NUMBER_OBJECT_CONVERSION = YES_AGGRESSIVE;
				CLANG_CXX_LANGUAGE_STANDARD = "gnu++20";
				CLANG_ENABLE_MODULES = YES;
				CLANG_ENABLE_OBJC_ARC = YES;
				CLANG_ENABLE_OBJC_WEAK = YES;
				CLANG_WARN_BLOCK_CAPTURE_AUTORELEASING = YES;
				CLANG_WARN_BOOL_CONVERSION = YES;
				CLANG_WARN_COMMA = YES;
				CLANG_WARN_CONSTANT_CONVERSION = YES;
				CLANG_WARN_DEPRECATED_OBJC_IMPLEMENTATIONS = YES;
				CLANG_WARN_DIRECT_OBJC_ISA_USAGE = YES_ERROR;
				CLANG_WARN_DOCUMENTATION_COMMENTS = YES;
				CLANG_WARN_EMPTY_BODY = YES;
				CLANG_WARN_ENUM_CONVERSION = YES;
				CLANG_WARN_INFINITE_RECURSION = YES;
				CLANG_WARN_INT_CONVERSION = YES;
				CLANG_WARN_NON_LITERAL_NULL_CONVERSION = YES;
				CLANG_WARN_OBJC_IMPLICIT_RETAIN_SELF = YES;
				CLANG_WARN_OBJC_LITERAL_CONVERSION = YES;
				CLANG_WARN_OBJC_ROOT_CLASS = YES_ERROR;
				CLANG_WARN_QUOTED_INCLUDE_IN_FRAMEWORK_HEADER = YES;
				CLANG_WARN_RANGE_LOOP_ANALYSIS = YES;
				CLANG_WARN_STRICT_PROTOTYPES = YES;
				CLANG_WARN_SUSPICIOUS_MOVE = YES;
				CLANG_WARN_UNGUARDED_AVAILABILITY = YES_AGGRESSIVE;
				CLANG_WARN_UNREACHABLE_CODE = YES;
				CLANG_WARN__DUPLICATE_METHOD_MATCH = YES;
				COPY_PHASE_STRIP = NO;
				DEBUG_INFORMATION_FORMAT = "dwarf-with-dsym";
				ENABLE_NS_ASSERTIONS = NO;
				ENABLE_STRICT_OBJC_MSGSEND = YES;
				ENABLE_USER_SCRIPT_SANDBOXING = YES;
				GCC_C_LANGUAGE_STANDARD = gnu17;
				GCC_NO_COMMON_BLOCKS = YES;
				GCC_WARN_64_TO_32_BIT_CONVERSION = YES;
				GCC_WARN_ABOUT_RETURN_TYPE = YES_ERROR;
				GCC_WARN_UNDECLARED_SELECTOR = YES;
				GCC_WARN_UNINITIALIZED_AUTOS = YES_AGGRESSIVE;
				GCC_WARN_UNUSED_FUNCTION = YES;
				GCC_WARN_UNUSED_VARIABLE = YES;
				IPHONEOS_DEPLOYMENT_TARGET = 17.0;
				LOCALIZATION_PREFERS_STRING_CATALOGS = YES;
				MTL_ENABLE_DEBUG_INFO = NO;
				MTL_FAST_MATH = YES;
				SDKROOT = iphoneos;
				SWIFT_COMPILATION_MODE = wholemodule;
				VALIDATE_PRODUCT = YES;
			};
			name = Release;
		};
		21DF45902B5B250700FE11F5 /* Debug */ = {
			isa = XCBuildConfiguration;
			buildSettings = {
				ASSETCATALOG_COMPILER_APPICON_NAME = AppIcon;
				ASSETCATALOG_COMPILER_GLOBAL_ACCENT_COLOR_NAME = AccentColor;
				CODE_SIGN_STYLE = Automatic;
				CURRENT_PROJECT_VERSION = 1;
				DEVELOPMENT_TEAM = GP3JFMJA3W;
				GENERATE_INFOPLIST_FILE = YES;
				INFOPLIST_FILE = Cocina/Info.plist;
				INFOPLIST_KEY_UIApplicationSupportsIndirectInputEvents = YES;
				INFOPLIST_KEY_UILaunchStoryboardName = LaunchScreen;
				INFOPLIST_KEY_UISupportedInterfaceOrientations_iPad = "UIInterfaceOrientationPortrait UIInterfaceOrientationPortraitUpsideDown UIInterfaceOrientationLandscapeLeft UIInterfaceOrientationLandscapeRight";
				INFOPLIST_KEY_UISupportedInterfaceOrientations_iPhone = "UIInterfaceOrientationPortrait UIInterfaceOrientationLandscapeLeft UIInterfaceOrientationLandscapeRight";
				LD_RUNPATH_SEARCH_PATHS = (
					"$(inherited)",
					"@executable_path/Frameworks",
				);
				MARKETING_VERSION = 1.0;
				PRODUCT_BUNDLE_IDENTIFIER = com.beltran.blaine.Cocina;
				PRODUCT_NAME = "$(TARGET_NAME)";
				SWIFT_EMIT_LOC_STRINGS = YES;
				SWIFT_VERSION = 5.0;
				TARGETED_DEVICE_FAMILY = "1,2";
			};
			name = Debug;
		};
		21DF45912B5B250700FE11F5 /* Release */ = {
			isa = XCBuildConfiguration;
			buildSettings = {
				ASSETCATALOG_COMPILER_APPICON_NAME = AppIcon;
				ASSETCATALOG_COMPILER_GLOBAL_ACCENT_COLOR_NAME = AccentColor;
				CODE_SIGN_STYLE = Automatic;
				CURRENT_PROJECT_VERSION = 1;
				DEVELOPMENT_TEAM = GP3JFMJA3W;
				GENERATE_INFOPLIST_FILE = YES;
				INFOPLIST_FILE = Cocina/Info.plist;
				INFOPLIST_KEY_UIApplicationSupportsIndirectInputEvents = YES;
				INFOPLIST_KEY_UILaunchStoryboardName = LaunchScreen;
				INFOPLIST_KEY_UISupportedInterfaceOrientations_iPad = "UIInterfaceOrientationPortrait UIInterfaceOrientationPortraitUpsideDown UIInterfaceOrientationLandscapeLeft UIInterfaceOrientationLandscapeRight";
				INFOPLIST_KEY_UISupportedInterfaceOrientations_iPhone = "UIInterfaceOrientationPortrait UIInterfaceOrientationLandscapeLeft UIInterfaceOrientationLandscapeRight";
				LD_RUNPATH_SEARCH_PATHS = (
					"$(inherited)",
					"@executable_path/Frameworks",
				);
				MARKETING_VERSION = 1.0;
				PRODUCT_BUNDLE_IDENTIFIER = com.beltran.blaine.Cocina;
				PRODUCT_NAME = "$(TARGET_NAME)";
				SWIFT_EMIT_LOC_STRINGS = YES;
				SWIFT_VERSION = 5.0;
				TARGETED_DEVICE_FAMILY = "1,2";
			};
			name = Release;
		};
		21DF45932B5B250700FE11F5 /* Debug */ = {
			isa = XCBuildConfiguration;
			buildSettings = {
				ALWAYS_EMBED_SWIFT_STANDARD_LIBRARIES = YES;
				BUNDLE_LOADER = "$(TEST_HOST)";
				CODE_SIGN_STYLE = Automatic;
				CURRENT_PROJECT_VERSION = 1;
				DEVELOPMENT_TEAM = GP3JFMJA3W;
				GENERATE_INFOPLIST_FILE = YES;
				IPHONEOS_DEPLOYMENT_TARGET = 17.0;
				MARKETING_VERSION = 1.0;
				PRODUCT_BUNDLE_IDENTIFIER = com.beltran.blaine.CocinaTests;
				PRODUCT_NAME = "$(TARGET_NAME)";
				SWIFT_EMIT_LOC_STRINGS = NO;
				SWIFT_VERSION = 5.0;
				TARGETED_DEVICE_FAMILY = "1,2";
				TEST_HOST = "$(BUILT_PRODUCTS_DIR)/Cocina.app/$(BUNDLE_EXECUTABLE_FOLDER_PATH)/Cocina";
			};
			name = Debug;
		};
		21DF45942B5B250700FE11F5 /* Release */ = {
			isa = XCBuildConfiguration;
			buildSettings = {
				ALWAYS_EMBED_SWIFT_STANDARD_LIBRARIES = YES;
				BUNDLE_LOADER = "$(TEST_HOST)";
				CODE_SIGN_STYLE = Automatic;
				CURRENT_PROJECT_VERSION = 1;
				DEVELOPMENT_TEAM = GP3JFMJA3W;
				GENERATE_INFOPLIST_FILE = YES;
				IPHONEOS_DEPLOYMENT_TARGET = 17.0;
				MARKETING_VERSION = 1.0;
				PRODUCT_BUNDLE_IDENTIFIER = com.beltran.blaine.CocinaTests;
				PRODUCT_NAME = "$(TARGET_NAME)";
				SWIFT_EMIT_LOC_STRINGS = NO;
				SWIFT_VERSION = 5.0;
				TARGETED_DEVICE_FAMILY = "1,2";
				TEST_HOST = "$(BUILT_PRODUCTS_DIR)/Cocina.app/$(BUNDLE_EXECUTABLE_FOLDER_PATH)/Cocina";
			};
			name = Release;
		};
		21DF45962B5B250700FE11F5 /* Debug */ = {
			isa = XCBuildConfiguration;
			buildSettings = {
				ALWAYS_EMBED_SWIFT_STANDARD_LIBRARIES = YES;
				CODE_SIGN_STYLE = Automatic;
				CURRENT_PROJECT_VERSION = 1;
				DEVELOPMENT_TEAM = GP3JFMJA3W;
				GENERATE_INFOPLIST_FILE = YES;
				MARKETING_VERSION = 1.0;
				PRODUCT_BUNDLE_IDENTIFIER = com.beltran.blaine.CocinaUITests;
				PRODUCT_NAME = "$(TARGET_NAME)";
				SWIFT_EMIT_LOC_STRINGS = NO;
				SWIFT_VERSION = 5.0;
				TARGETED_DEVICE_FAMILY = "1,2";
				TEST_TARGET_NAME = Cocina;
			};
			name = Debug;
		};
		21DF45972B5B250700FE11F5 /* Release */ = {
			isa = XCBuildConfiguration;
			buildSettings = {
				ALWAYS_EMBED_SWIFT_STANDARD_LIBRARIES = YES;
				CODE_SIGN_STYLE = Automatic;
				CURRENT_PROJECT_VERSION = 1;
				DEVELOPMENT_TEAM = GP3JFMJA3W;
				GENERATE_INFOPLIST_FILE = YES;
				MARKETING_VERSION = 1.0;
				PRODUCT_BUNDLE_IDENTIFIER = com.beltran.blaine.CocinaUITests;
				PRODUCT_NAME = "$(TARGET_NAME)";
				SWIFT_EMIT_LOC_STRINGS = NO;
				SWIFT_VERSION = 5.0;
				TARGETED_DEVICE_FAMILY = "1,2";
				TEST_TARGET_NAME = Cocina;
			};
			name = Release;
		};
/* End XCBuildConfiguration section */

/* Begin XCConfigurationList section */
		21DF45602B5B250400FE11F5 /* Build configuration list for PBXProject "Cocina" */ = {
			isa = XCConfigurationList;
			buildConfigurations = (
				21DF458D2B5B250700FE11F5 /* Debug */,
				21DF458E2B5B250700FE11F5 /* Release */,
			);
			defaultConfigurationIsVisible = 0;
			defaultConfigurationName = Release;
		};
		21DF458F2B5B250700FE11F5 /* Build configuration list for PBXNativeTarget "Cocina" */ = {
			isa = XCConfigurationList;
			buildConfigurations = (
				21DF45902B5B250700FE11F5 /* Debug */,
				21DF45912B5B250700FE11F5 /* Release */,
			);
			defaultConfigurationIsVisible = 0;
			defaultConfigurationName = Release;
		};
		21DF45922B5B250700FE11F5 /* Build configuration list for PBXNativeTarget "CocinaTests" */ = {
			isa = XCConfigurationList;
			buildConfigurations = (
				21DF45932B5B250700FE11F5 /* Debug */,
				21DF45942B5B250700FE11F5 /* Release */,
			);
			defaultConfigurationIsVisible = 0;
			defaultConfigurationName = Release;
		};
		21DF45952B5B250700FE11F5 /* Build configuration list for PBXNativeTarget "CocinaUITests" */ = {
			isa = XCConfigurationList;
			buildConfigurations = (
				21DF45962B5B250700FE11F5 /* Debug */,
				21DF45972B5B250700FE11F5 /* Release */,
			);
			defaultConfigurationIsVisible = 0;
			defaultConfigurationName = Release;
		};
/* End XCConfigurationList section */

/* Begin XCRemoteSwiftPackageReference section */
		213D016B2B60746400DAA75A /* XCRemoteSwiftPackageReference "lottie-spm" */ = {
			isa = XCRemoteSwiftPackageReference;
			repositoryURL = "https://github.com/airbnb/lottie-spm.git";
			requirement = {
				kind = upToNextMajorVersion;
				minimumVersion = 4.4.0;
			};
		};
		658FC9F62B646AE900FE6D9F /* XCRemoteSwiftPackageReference "SnapKit" */ = {
			isa = XCRemoteSwiftPackageReference;
			repositoryURL = "https://github.com/SnapKit/SnapKit.git";
			requirement = {
				kind = upToNextMajorVersion;
				minimumVersion = 5.7.0;
			};
		};
/* End XCRemoteSwiftPackageReference section */

/* Begin XCSwiftPackageProductDependency section */
		213D016C2B60746400DAA75A /* Lottie */ = {
			isa = XCSwiftPackageProductDependency;
			package = 213D016B2B60746400DAA75A /* XCRemoteSwiftPackageReference "lottie-spm" */;
			productName = Lottie;
		};
		658FC9F72B646AE900FE6D9F /* SnapKit */ = {
			isa = XCSwiftPackageProductDependency;
			package = 658FC9F62B646AE900FE6D9F /* XCRemoteSwiftPackageReference "SnapKit" */;
			productName = SnapKit;
		};
/* End XCSwiftPackageProductDependency section */
	};
	rootObject = 21DF455D2B5B250400FE11F5 /* Project object */;
}
